# This file is automatically @generated by Poetry 1.8.5 and should not be changed by hand.

[[package]]
name = "linuxp"
version = "1.0.20"
description = "🐧 Linux Profile Management CLI Tool"
optional = false
python-versions = ">=3.6"
files = [
    {file = "linuxp-1.0.20-py3-none-any.whl", hash = "sha256:3554e8ce9f4e30556b742f7c36f8dc8ee21df15b4cc1b0e8455adcb95b033be4"},
    {file = "linuxp-1.0.20.tar.gz", hash = "sha256:82721f0a92c433b926e56a073d5a1b6c9450d48c302964565b041e2139070d73"},
]

[metadata]
lock-version = "2.0"
python-versions = "^3.12"
content-hash = "5cc3e009d4f3b8a7faf1c6539c3a98a23f315a9085c77791cf9bf8012c4071ff"
